// !$*UTF8*$!
{
	archiveVersion = 1;
	classes = {
	};
	objectVersion = 56;
	objects = {

/* Begin PBXBuildFile section */
		F4458C9B2AB9B02400B54455 /* AppDelegate.swift in Sources */ = {isa = PBXBuildFile; fileRef = F4458C9A2AB9B02400B54455 /* AppDelegate.swift */; };
		F4458C9D2AB9B02400B54455 /* SceneDelegate.swift in Sources */ = {isa = PBXBuildFile; fileRef = F4458C9C2AB9B02400B54455 /* SceneDelegate.swift */; };
		F4458C9F2AB9B02400B54455 /* BeerViewController.swift in Sources */ = {isa = PBXBuildFile; fileRef = F4458C9E2AB9B02400B54455 /* BeerViewController.swift */; };
		F4458CA42AB9B02400B54455 /* Assets.xcassets in Resources */ = {isa = PBXBuildFile; fileRef = F4458CA32AB9B02400B54455 /* Assets.xcassets */; };
		F4458CA72AB9B02400B54455 /* LaunchScreen.storyboard in Resources */ = {isa = PBXBuildFile; fileRef = F4458CA52AB9B02400B54455 /* LaunchScreen.storyboard */; };
		F4458CAF2AB9B05B00B54455 /* Router.swift in Sources */ = {isa = PBXBuildFile; fileRef = F4458CAE2AB9B05B00B54455 /* Router.swift */; };
		F4458CB22AB9C67B00B54455 /* Alamofire in Frameworks */ = {isa = PBXBuildFile; productRef = F4458CB12AB9C67B00B54455 /* Alamofire */; };
		F4458CB42AB9CCF400B54455 /* BeerAPI.swift in Sources */ = {isa = PBXBuildFile; fileRef = F4458CB32AB9CCF400B54455 /* BeerAPI.swift */; };
		F4458CBA2ABABE9F00B54455 /* BeerModel.swift in Sources */ = {isa = PBXBuildFile; fileRef = F4458CB92ABABE9F00B54455 /* BeerModel.swift */; };
		F4458CBC2ABB05F200B54455 /* BeerViewModel.swift in Sources */ = {isa = PBXBuildFile; fileRef = F4458CBB2ABB05F200B54455 /* BeerViewModel.swift */; };
		F4458CBF2ABB4F2800B54455 /* SnapKit in Frameworks */ = {isa = PBXBuildFile; productRef = F4458CBE2ABB4F2800B54455 /* SnapKit */; };
		F4458CC22ABB69EE00B54455 /* Kingfisher in Frameworks */ = {isa = PBXBuildFile; productRef = F4458CC12ABB69EE00B54455 /* Kingfisher */; };
/* End PBXBuildFile section */

/* Begin PBXFileReference section */
		F4458C972AB9B02400B54455 /* PunkAPIAbstract.app */ = {isa = PBXFileReference; explicitFileType = wrapper.application; includeInIndex = 0; path = PunkAPIAbstract.app; sourceTree = BUILT_PRODUCTS_DIR; };
		F4458C9A2AB9B02400B54455 /* AppDelegate.swift */ = {isa = PBXFileReference; lastKnownFileType = sourcecode.swift; path = AppDelegate.swift; sourceTree = "<group>"; };
		F4458C9C2AB9B02400B54455 /* SceneDelegate.swift */ = {isa = PBXFileReference; lastKnownFileType = sourcecode.swift; path = SceneDelegate.swift; sourceTree = "<group>"; };
		F4458C9E2AB9B02400B54455 /* BeerViewController.swift */ = {isa = PBXFileReference; lastKnownFileType = sourcecode.swift; path = BeerViewController.swift; sourceTree = "<group>"; };
		F4458CA32AB9B02400B54455 /* Assets.xcassets */ = {isa = PBXFileReference; lastKnownFileType = folder.assetcatalog; path = Assets.xcassets; sourceTree = "<group>"; };
		F4458CA62AB9B02400B54455 /* Base */ = {isa = PBXFileReference; lastKnownFileType = file.storyboard; name = Base; path = Base.lproj/LaunchScreen.storyboard; sourceTree = "<group>"; };
		F4458CA82AB9B02400B54455 /* Info.plist */ = {isa = PBXFileReference; lastKnownFileType = text.plist.xml; path = Info.plist; sourceTree = "<group>"; };
		F4458CAE2AB9B05B00B54455 /* Router.swift */ = {isa = PBXFileReference; lastKnownFileType = sourcecode.swift; path = Router.swift; sourceTree = "<group>"; };
		F4458CB32AB9CCF400B54455 /* BeerAPI.swift */ = {isa = PBXFileReference; lastKnownFileType = sourcecode.swift; path = BeerAPI.swift; sourceTree = "<group>"; };
		F4458CB92ABABE9F00B54455 /* BeerModel.swift */ = {isa = PBXFileReference; lastKnownFileType = sourcecode.swift; path = BeerModel.swift; sourceTree = "<group>"; };
		F4458CBB2ABB05F200B54455 /* BeerViewModel.swift */ = {isa = PBXFileReference; lastKnownFileType = sourcecode.swift; path = BeerViewModel.swift; sourceTree = "<group>"; };
/* End PBXFileReference section */

/* Begin PBXFrameworksBuildPhase section */
		F4458C942AB9B02400B54455 /* Frameworks */ = {
			isa = PBXFrameworksBuildPhase;
			buildActionMask = 2147483647;
			files = (
				F4458CC22ABB69EE00B54455 /* Kingfisher in Frameworks */,
				F4458CB22AB9C67B00B54455 /* Alamofire in Frameworks */,
				F4458CBF2ABB4F2800B54455 /* SnapKit in Frameworks */,
			);
			runOnlyForDeploymentPostprocessing = 0;
		};
/* End PBXFrameworksBuildPhase section */

/* Begin PBXGroup section */
		F4458C8E2AB9B02400B54455 = {
			isa = PBXGroup;
			children = (
				F4458C992AB9B02400B54455 /* PunkAPIAbstract */,
				F4458C982AB9B02400B54455 /* Products */,
			);
			sourceTree = "<group>";
		};
		F4458C982AB9B02400B54455 /* Products */ = {
			isa = PBXGroup;
			children = (
				F4458C972AB9B02400B54455 /* PunkAPIAbstract.app */,
			);
			name = Products;
			sourceTree = "<group>";
		};
		F4458C992AB9B02400B54455 /* PunkAPIAbstract */ = {
			isa = PBXGroup;
			children = (
				F4458C9A2AB9B02400B54455 /* AppDelegate.swift */,
				F4458C9C2AB9B02400B54455 /* SceneDelegate.swift */,
				F4458CA32AB9B02400B54455 /* Assets.xcassets */,
				F4458CA52AB9B02400B54455 /* LaunchScreen.storyboard */,
				F4458CA82AB9B02400B54455 /* Info.plist */,
				F4458C9E2AB9B02400B54455 /* BeerViewController.swift */,
				F4458CAE2AB9B05B00B54455 /* Router.swift */,
				F4458CB32AB9CCF400B54455 /* BeerAPI.swift */,
				F4458CB92ABABE9F00B54455 /* BeerModel.swift */,
				F4458CBB2ABB05F200B54455 /* BeerViewModel.swift */,
			);
			path = PunkAPIAbstract;
			sourceTree = "<group>";
		};
/* End PBXGroup section */

/* Begin PBXNativeTarget section */
		F4458C962AB9B02400B54455 /* PunkAPIAbstract */ = {
			isa = PBXNativeTarget;
			buildConfigurationList = F4458CAB2AB9B02400B54455 /* Build configuration list for PBXNativeTarget "PunkAPIAbstract" */;
			buildPhases = (
				F4458C932AB9B02400B54455 /* Sources */,
				F4458C942AB9B02400B54455 /* Frameworks */,
				F4458C952AB9B02400B54455 /* Resources */,
			);
			buildRules = (
			);
			dependencies = (
			);
			name = PunkAPIAbstract;
			packageProductDependencies = (
				F4458CB12AB9C67B00B54455 /* Alamofire */,
				F4458CBE2ABB4F2800B54455 /* SnapKit */,
				F4458CC12ABB69EE00B54455 /* Kingfisher */,
			);
			productName = PunkAPIAbstract;
			productReference = F4458C972AB9B02400B54455 /* PunkAPIAbstract.app */;
			productType = "com.apple.product-type.application";
		};
/* End PBXNativeTarget section */

/* Begin PBXProject section */
		F4458C8F2AB9B02400B54455 /* Project object */ = {
			isa = PBXProject;
			attributes = {
				BuildIndependentTargetsInParallel = 1;
				LastSwiftUpdateCheck = 1430;
				LastUpgradeCheck = 1430;
				TargetAttributes = {
					F4458C962AB9B02400B54455 = {
						CreatedOnToolsVersion = 14.3.1;
					};
				};
			};
			buildConfigurationList = F4458C922AB9B02400B54455 /* Build configuration list for PBXProject "PunkAPIAbstract" */;
			compatibilityVersion = "Xcode 14.0";
			developmentRegion = en;
			hasScannedForEncodings = 0;
			knownRegions = (
				en,
				Base,
			);
			mainGroup = F4458C8E2AB9B02400B54455;
			packageReferences = (
				F4458CB02AB9C67B00B54455 /* XCRemoteSwiftPackageReference "Alamofire" */,
				F4458CBD2ABB4F2800B54455 /* XCRemoteSwiftPackageReference "SnapKit" */,
				F4458CC02ABB69EE00B54455 /* XCRemoteSwiftPackageReference "Kingfisher" */,
			);
			productRefGroup = F4458C982AB9B02400B54455 /* Products */;
			projectDirPath = "";
			projectRoot = "";
			targets = (
				F4458C962AB9B02400B54455 /* PunkAPIAbstract */,
			);
		};
/* End PBXProject section */

/* Begin PBXResourcesBuildPhase section */
		F4458C952AB9B02400B54455 /* Resources */ = {
			isa = PBXResourcesBuildPhase;
			buildActionMask = 2147483647;
			files = (
				F4458CA72AB9B02400B54455 /* LaunchScreen.storyboard in Resources */,
				F4458CA42AB9B02400B54455 /* Assets.xcassets in Resources */,
			);
			runOnlyForDeploymentPostprocessing = 0;
		};
/* End PBXResourcesBuildPhase section */

/* Begin PBXSourcesBuildPhase section */
		F4458C932AB9B02400B54455 /* Sources */ = {
			isa = PBXSourcesBuildPhase;
			buildActionMask = 2147483647;
			files = (
				F4458CBC2ABB05F200B54455 /* BeerViewModel.swift in Sources */,
				F4458CB42AB9CCF400B54455 /* BeerAPI.swift in Sources */,
				F4458CAF2AB9B05B00B54455 /* Router.swift in Sources */,
				F4458C9F2AB9B02400B54455 /* BeerViewController.swift in Sources */,
				F4458C9B2AB9B02400B54455 /* AppDelegate.swift in Sources */,
				F4458C9D2AB9B02400B54455 /* SceneDelegate.swift in Sources */,
				F4458CBA2ABABE9F00B54455 /* BeerModel.swift in Sources */,
			);
			runOnlyForDeploymentPostprocessing = 0;
		};
/* End PBXSourcesBuildPhase section */

/* Begin PBXVariantGroup section */
		F4458CA52AB9B02400B54455 /* LaunchScreen.storyboard */ = {
			isa = PBXVariantGroup;
			children = (
				F4458CA62AB9B02400B54455 /* Base */,
			);
			name = LaunchScreen.storyboard;
			sourceTree = "<group>";
		};
/* End PBXVariantGroup section */

/* Begin XCBuildConfiguration section */
		F4458CA92AB9B02400B54455 /* Debug */ = {
			isa = XCBuildConfiguration;
			buildSettings = {
				ALWAYS_SEARCH_USER_PATHS = NO;
				CLANG_ANALYZER_NONNULL = YES;
				CLANG_ANALYZER_NUMBER_OBJECT_CONVERSION = YES_AGGRESSIVE;
				CLANG_CXX_LANGUAGE_STANDARD = "gnu++20";
				CLANG_ENABLE_MODULES = YES;
				CLANG_ENABLE_OBJC_ARC = YES;
				CLANG_ENABLE_OBJC_WEAK = YES;
				CLANG_WARN_BLOCK_CAPTURE_AUTORELEASING = YES;
				CLANG_WARN_BOOL_CONVERSION = YES;
				CLANG_WARN_COMMA = YES;
				CLANG_WARN_CONSTANT_CONVERSION = YES;
				CLANG_WARN_DEPRECATED_OBJC_IMPLEMENTATIONS = YES;
				CLANG_WARN_DIRECT_OBJC_ISA_USAGE = YES_ERROR;
				CLANG_WARN_DOCUMENTATION_COMMENTS = YES;
				CLANG_WARN_EMPTY_BODY = YES;
				CLANG_WARN_ENUM_CONVERSION = YES;
				CLANG_WARN_INFINITE_RECURSION = YES;
				CLANG_WARN_INT_CONVERSION = YES;
				CLANG_WARN_NON_LITERAL_NULL_CONVERSION = YES;
				CLANG_WARN_OBJC_IMPLICIT_RETAIN_SELF = YES;
				CLANG_WARN_OBJC_LITERAL_CONVERSION = YES;
				CLANG_WARN_OBJC_ROOT_CLASS = YES_ERROR;
				CLANG_WARN_QUOTED_INCLUDE_IN_FRAMEWORK_HEADER = YES;
				CLANG_WARN_RANGE_LOOP_ANALYSIS = YES;
				CLANG_WARN_STRICT_PROTOTYPES = YES;
				CLANG_WARN_SUSPICIOUS_MOVE = YES;
				CLANG_WARN_UNGUARDED_AVAILABILITY = YES_AGGRESSIVE;
				CLANG_WARN_UNREACHABLE_CODE = YES;
				CLANG_WARN__DUPLICATE_METHOD_MATCH = YES;
				COPY_PHASE_STRIP = NO;
				DEBUG_INFORMATION_FORMAT = dwarf;
				ENABLE_STRICT_OBJC_MSGSEND = YES;
				ENABLE_TESTABILITY = YES;
				GCC_C_LANGUAGE_STANDARD = gnu11;
				GCC_DYNAMIC_NO_PIC = NO;
				GCC_NO_COMMON_BLOCKS = YES;
				GCC_OPTIMIZATION_LEVEL = 0;
				GCC_PREPROCESSOR_DEFINITIONS = (
					"DEBUG=1",
					"$(inherited)",
				);
				GCC_WARN_64_TO_32_BIT_CONVERSION = YES;
				GCC_WARN_ABOUT_RETURN_TYPE = YES_ERROR;
				GCC_WARN_UNDECLARED_SELECTOR = YES;
				GCC_WARN_UNINITIALIZED_AUTOS = YES_AGGRESSIVE;
				GCC_WARN_UNUSED_FUNCTION = YES;
				GCC_WARN_UNUSED_VARIABLE = YES;
				IPHONEOS_DEPLOYMENT_TARGET = 16.4;
				MTL_ENABLE_DEBUG_INFO = INCLUDE_SOURCE;
				MTL_FAST_MATH = YES;
				ONLY_ACTIVE_ARCH = YES;
				SDKROOT = iphoneos;
				SWIFT_ACTIVE_COMPILATION_CONDITIONS = DEBUG;
				SWIFT_OPTIMIZATION_LEVEL = "-Onone";
			};
			name = Debug;
		};
		F4458CAA2AB9B02400B54455 /* Release */ = {
			isa = XCBuildConfiguration;
			buildSettings = {
				ALWAYS_SEARCH_USER_PATHS = NO;
				CLANG_ANALYZER_NONNULL = YES;
				CLANG_ANALYZER_NUMBER_OBJECT_CONVERSION = YES_AGGRESSIVE;
				CLANG_CXX_LANGUAGE_STANDARD = "gnu++20";
				CLANG_ENABLE_MODULES = YES;
				CLANG_ENABLE_OBJC_ARC = YES;
				CLANG_ENABLE_OBJC_WEAK = YES;
				CLANG_WARN_BLOCK_CAPTURE_AUTORELEASING = YES;
				CLANG_WARN_BOOL_CONVERSION = YES;
				CLANG_WARN_COMMA = YES;
				CLANG_WARN_CONSTANT_CONVERSION = YES;
				CLANG_WARN_DEPRECATED_OBJC_IMPLEMENTATIONS = YES;
				CLANG_WARN_DIRECT_OBJC_ISA_USAGE = YES_ERROR;
				CLANG_WARN_DOCUMENTATION_COMMENTS = YES;
				CLANG_WARN_EMPTY_BODY = YES;
				CLANG_WARN_ENUM_CONVERSION = YES;
				CLANG_WARN_INFINITE_RECURSION = YES;
				CLANG_WARN_INT_CONVERSION = YES;
				CLANG_WARN_NON_LITERAL_NULL_CONVERSION = YES;
				CLANG_WARN_OBJC_IMPLICIT_RETAIN_SELF = YES;
				CLANG_WARN_OBJC_LITERAL_CONVERSION = YES;
				CLANG_WARN_OBJC_ROOT_CLASS = YES_ERROR;
				CLANG_WARN_QUOTED_INCLUDE_IN_FRAMEWORK_HEADER = YES;
				CLANG_WARN_RANGE_LOOP_ANALYSIS = YES;
				CLANG_WARN_STRICT_PROTOTYPES = YES;
				CLANG_WARN_SUSPICIOUS_MOVE = YES;
				CLANG_WARN_UNGUARDED_AVAILABILITY = YES_AGGRESSIVE;
				CLANG_WARN_UNREACHABLE_CODE = YES;
				CLANG_WARN__DUPLICATE_METHOD_MATCH = YES;
				COPY_PHASE_STRIP = NO;
				DEBUG_INFORMATION_FORMAT = "dwarf-with-dsym";
				ENABLE_NS_ASSERTIONS = NO;
				ENABLE_STRICT_OBJC_MSGSEND = YES;
				GCC_C_LANGUAGE_STANDARD = gnu11;
				GCC_NO_COMMON_BLOCKS = YES;
				GCC_WARN_64_TO_32_BIT_CONVERSION = YES;
				GCC_WARN_ABOUT_RETURN_TYPE = YES_ERROR;
				GCC_WARN_UNDECLARED_SELECTOR = YES;
				GCC_WARN_UNINITIALIZED_AUTOS = YES_AGGRESSIVE;
				GCC_WARN_UNUSED_FUNCTION = YES;
				GCC_WARN_UNUSED_VARIABLE = YES;
				IPHONEOS_DEPLOYMENT_TARGET = 16.4;
				MTL_ENABLE_DEBUG_INFO = NO;
				MTL_FAST_MATH = YES;
				SDKROOT = iphoneos;
				SWIFT_COMPILATION_MODE = wholemodule;
				SWIFT_OPTIMIZATION_LEVEL = "-O";
				VALIDATE_PRODUCT = YES;
			};
			name = Release;
		};
		F4458CAC2AB9B02400B54455 /* Debug */ = {
			isa = XCBuildConfiguration;
			buildSettings = {
				ASSETCATALOG_COMPILER_APPICON_NAME = AppIcon;
				ASSETCATALOG_COMPILER_GLOBAL_ACCENT_COLOR_NAME = AccentColor;
				CODE_SIGN_STYLE = Automatic;
				CURRENT_PROJECT_VERSION = 1;
				GENERATE_INFOPLIST_FILE = YES;
				INFOPLIST_FILE = PunkAPIAbstract/Info.plist;
				INFOPLIST_KEY_UIApplicationSupportsIndirectInputEvents = YES;
				INFOPLIST_KEY_UILaunchStoryboardName = LaunchScreen;
				INFOPLIST_KEY_UISupportedInterfaceOrientations_iPad = "UIInterfaceOrientationPortrait UIInterfaceOrientationPortraitUpsideDown UIInterfaceOrientationLandscapeLeft UIInterfaceOrientationLandscapeRight";
				INFOPLIST_KEY_UISupportedInterfaceOrientations_iPhone = "UIInterfaceOrientationPortrait UIInterfaceOrientationLandscapeLeft UIInterfaceOrientationLandscapeRight";
				LD_RUNPATH_SEARCH_PATHS = (
					"$(inherited)",
					"@executable_path/Frameworks",
				);
				MARKETING_VERSION = 1.0;
				PRODUCT_BUNDLE_IDENTIFIER = com.Jeong.PunkAPIAbstract;
				PRODUCT_NAME = "$(TARGET_NAME)";
				SWIFT_EMIT_LOC_STRINGS = YES;
				SWIFT_VERSION = 5.0;
				TARGETED_DEVICE_FAMILY = "1,2";
			};
			name = Debug;
		};
		F4458CAD2AB9B02400B54455 /* Release */ = {
			isa = XCBuildConfiguration;
			buildSettings = {
				ASSETCATALOG_COMPILER_APPICON_NAME = AppIcon;
				ASSETCATALOG_COMPILER_GLOBAL_ACCENT_COLOR_NAME = AccentColor;
				CODE_SIGN_STYLE = Automatic;
				CURRENT_PROJECT_VERSION = 1;
				GENERATE_INFOPLIST_FILE = YES;
				INFOPLIST_FILE = PunkAPIAbstract/Info.plist;
				INFOPLIST_KEY_UIApplicationSupportsIndirectInputEvents = YES;
				INFOPLIST_KEY_UILaunchStoryboardName = LaunchScreen;
				INFOPLIST_KEY_UISupportedInterfaceOrientations_iPad = "UIInterfaceOrientationPortrait UIInterfaceOrientationPortraitUpsideDown UIInterfaceOrientationLandscapeLeft UIInterfaceOrientationLandscapeRight";
				INFOPLIST_KEY_UISupportedInterfaceOrientations_iPhone = "UIInterfaceOrientationPortrait UIInterfaceOrientationLandscapeLeft UIInterfaceOrientationLandscapeRight";
				LD_RUNPATH_SEARCH_PATHS = (
					"$(inherited)",
					"@executable_path/Frameworks",
				);
				MARKETING_VERSION = 1.0;
				PRODUCT_BUNDLE_IDENTIFIER = com.Jeong.PunkAPIAbstract;
				PRODUCT_NAME = "$(TARGET_NAME)";
				SWIFT_EMIT_LOC_STRINGS = YES;
				SWIFT_VERSION = 5.0;
				TARGETED_DEVICE_FAMILY = "1,2";
			};
			name = Release;
		};
/* End XCBuildConfiguration section */

/* Begin XCConfigurationList section */
		F4458C922AB9B02400B54455 /* Build configuration list for PBXProject "PunkAPIAbstract" */ = {
			isa = XCConfigurationList;
			buildConfigurations = (
				F4458CA92AB9B02400B54455 /* Debug */,
				F4458CAA2AB9B02400B54455 /* Release */,
			);
			defaultConfigurationIsVisible = 0;
			defaultConfigurationName = Release;
		};
		F4458CAB2AB9B02400B54455 /* Build configuration list for PBXNativeTarget "PunkAPIAbstract" */ = {
			isa = XCConfigurationList;
			buildConfigurations = (
				F4458CAC2AB9B02400B54455 /* Debug */,
				F4458CAD2AB9B02400B54455 /* Release */,
			);
			defaultConfigurationIsVisible = 0;
			defaultConfigurationName = Release;
		};
/* End XCConfigurationList section */

/* Begin XCRemoteSwiftPackageReference section */
		F4458CB02AB9C67B00B54455 /* XCRemoteSwiftPackageReference "Alamofire" */ = {
			isa = XCRemoteSwiftPackageReference;
			repositoryURL = "https://github.com/Alamofire/Alamofire.git";
			requirement = {
				kind = upToNextMajorVersion;
				minimumVersion = 5.0.0;
			};
		};
		F4458CBD2ABB4F2800B54455 /* XCRemoteSwiftPackageReference "SnapKit" */ = {
			isa = XCRemoteSwiftPackageReference;
			repositoryURL = "https://github.com/SnapKit/SnapKit.git";
			requirement = {
				kind = upToNextMajorVersion;
				minimumVersion = 5.0.0;
			};
		};
		F4458CC02ABB69EE00B54455 /* XCRemoteSwiftPackageReference "Kingfisher" */ = {
			isa = XCRemoteSwiftPackageReference;
			repositoryURL = "https://github.com/onevcat/Kingfisher";
			requirement = {
				kind = upToNextMajorVersion;
				minimumVersion = 7.0.0;
			};
		};
/* End XCRemoteSwiftPackageReference section */

/* Begin XCSwiftPackageProductDependency section */
		F4458CB12AB9C67B00B54455 /* Alamofire */ = {
			isa = XCSwiftPackageProductDependency;
			package = F4458CB02AB9C67B00B54455 /* XCRemoteSwiftPackageReference "Alamofire" */;
			productName = Alamofire;
		};
		F4458CBE2ABB4F2800B54455 /* SnapKit */ = {
			isa = XCSwiftPackageProductDependency;
			package = F4458CBD2ABB4F2800B54455 /* XCRemoteSwiftPackageReference "SnapKit" */;
			productName = SnapKit;
		};
		F4458CC12ABB69EE00B54455 /* Kingfisher */ = {
			isa = XCSwiftPackageProductDependency;
			package = F4458CC02ABB69EE00B54455 /* XCRemoteSwiftPackageReference "Kingfisher" */;
			productName = Kingfisher;
		};
/* End XCSwiftPackageProductDependency section */
	};
	rootObject = F4458C8F2AB9B02400B54455 /* Project object */;
}
